// !$*UTF8*$!
{
	archiveVersion = 1;
	classes = {
	};
	objectVersion = 50;
	objects = {

/* Begin PBXBuildFile section */
		110F9D932237A6310020BABC /* AppDelegate.swift in Sources */ = {isa = PBXBuildFile; fileRef = 110F9D922237A6310020BABC /* AppDelegate.swift */; };
		110F9D952237A6310020BABC /* ViewController.swift in Sources */ = {isa = PBXBuildFile; fileRef = 110F9D942237A6310020BABC /* ViewController.swift */; };
		110F9D982237A6310020BABC /* Main.storyboard in Resources */ = {isa = PBXBuildFile; fileRef = 110F9D962237A6310020BABC /* Main.storyboard */; };
		110F9D9D2237A6320020BABC /* Assets.xcassets in Resources */ = {isa = PBXBuildFile; fileRef = 110F9D9C2237A6320020BABC /* Assets.xcassets */; };
		110F9DA82237A6A50020BABC /* BroadcastViewController.swift in Sources */ = {isa = PBXBuildFile; fileRef = 110F9DA72237A6A50020BABC /* BroadcastViewController.swift */; };
		110F9DAC2237A74E0020BABC /* ParentCategoriesTableViewController.swift in Sources */ = {isa = PBXBuildFile; fileRef = 110F9DAB2237A74E0020BABC /* ParentCategoriesTableViewController.swift */; };
		110F9DAE2237A7610020BABC /* HighlightsViewController.swift in Sources */ = {isa = PBXBuildFile; fileRef = 110F9DAD2237A7610020BABC /* HighlightsViewController.swift */; };
		153E4DD3223BB451005255B5 /* CategoriesNamesDownloadService.swift in Sources */ = {isa = PBXBuildFile; fileRef = 153E4DD2223BB451005255B5 /* CategoriesNamesDownloadService.swift */; };
		153E4DD7223BC143005255B5 /* ProgrammeScreen.storyboard in Resources */ = {isa = PBXBuildFile; fileRef = 153E4DD6223BC143005255B5 /* ProgrammeScreen.storyboard */; };
		153E4DDA223BD928005255B5 /* BestScreen.storyboard in Resources */ = {isa = PBXBuildFile; fileRef = 153E4DD9223BD928005255B5 /* BestScreen.storyboard */; };
		153E4DDC223BDB7A005255B5 /* WebTVScreen.storyboard in Resources */ = {isa = PBXBuildFile; fileRef = 153E4DDB223BDB7A005255B5 /* WebTVScreen.storyboard */; };
		153E4DDE223BDBCC005255B5 /* HomeScreen.storyboard in Resources */ = {isa = PBXBuildFile; fileRef = 153E4DDD223BDBCC005255B5 /* HomeScreen.storyboard */; };
		154B7F53223ADAE40020A4E4 /* UITableViewCell+Extension.swift in Sources */ = {isa = PBXBuildFile; fileRef = 154B7F52223ADAE40020A4E4 /* UITableViewCell+Extension.swift */; };
		154B7F55223ADCA90020A4E4 /* NetworkEndpoints.swift in Sources */ = {isa = PBXBuildFile; fileRef = 154B7F54223ADCA90020A4E4 /* NetworkEndpoints.swift */; };
		15B0816C223A4F6A00826057 /* CategoriesDataModel.swift in Sources */ = {isa = PBXBuildFile; fileRef = 15B0816B223A4F6A00826057 /* CategoriesDataModel.swift */; };
		15B0816E223A6C5900826057 /* CategoryDataViewController.swift in Sources */ = {isa = PBXBuildFile; fileRef = 15B0816D223A6C5900826057 /* CategoryDataViewController.swift */; };
		15B08172223A90A200826057 /* CategoryDataTableViewCell.swift in Sources */ = {isa = PBXBuildFile; fileRef = 15B08171223A90A200826057 /* CategoryDataTableViewCell.swift */; };
		15CF8F732237E03D008424E9 /* ParentCategoriesModel.swift in Sources */ = {isa = PBXBuildFile; fileRef = 15CF8F722237E03D008424E9 /* ParentCategoriesModel.swift */; };
		15D626EA22411BD100449F8B /* CategorySeriesTableViewController.swift in Sources */ = {isa = PBXBuildFile; fileRef = 15D626E922411BD100449F8B /* CategorySeriesTableViewController.swift */; };
		15D626EC22411C1E00449F8B /* SeriesInfoTableViewCell.swift in Sources */ = {isa = PBXBuildFile; fileRef = 15D626EB22411C1E00449F8B /* SeriesInfoTableViewCell.swift */; };
		15D626EE22411C2C00449F8B /* EpisodeInfoTableViewCell.swift in Sources */ = {isa = PBXBuildFile; fileRef = 15D626ED22411C2C00449F8B /* EpisodeInfoTableViewCell.swift */; };
		15D626F0224125B200449F8B /* SeriesInfoModel.swift in Sources */ = {isa = PBXBuildFile; fileRef = 15D626EF224125B200449F8B /* SeriesInfoModel.swift */; };
		15D626F3224142B900449F8B /* Categories.storyboard in Resources */ = {isa = PBXBuildFile; fileRef = 15D626F2224142B900449F8B /* Categories.storyboard */; };
		15E0FD162238F851005A41DD /* ParentCategoryNameTableViewCell.swift in Sources */ = {isa = PBXBuildFile; fileRef = 15E0FD152238F851005A41DD /* ParentCategoryNameTableViewCell.swift */; };
		15F1580B223FD39C005047CD /* SubCategoryTableViewCell.swift in Sources */ = {isa = PBXBuildFile; fileRef = 15F1580A223FD39C005047CD /* SubCategoryTableViewCell.swift */; };
		15F1580D223FD4C9005047CD /* SubCategoriesModel.swift in Sources */ = {isa = PBXBuildFile; fileRef = 15F1580C223FD4C9005047CD /* SubCategoriesModel.swift */; };
		15F1580F223FDA6B005047CD /* SubCategoriesTableViewController.swift in Sources */ = {isa = PBXBuildFile; fileRef = 15F1580E223FDA6B005047CD /* SubCategoriesTableViewController.swift */; };
		C0B38F8033B235E335AED466 /* Pods_TV7_Nebesa.framework in Frameworks */ = {isa = PBXBuildFile; fileRef = 5F0D2B7D97C477EAA3C15E9D /* Pods_TV7_Nebesa.framework */; };
/* End PBXBuildFile section */

/* Begin PBXFileReference section */
		110F9D8F2237A6310020BABC /* TV7 Nebesa.app */ = {isa = PBXFileReference; explicitFileType = wrapper.application; includeInIndex = 0; path = "TV7 Nebesa.app"; sourceTree = BUILT_PRODUCTS_DIR; };
		110F9D922237A6310020BABC /* AppDelegate.swift */ = {isa = PBXFileReference; lastKnownFileType = sourcecode.swift; path = AppDelegate.swift; sourceTree = "<group>"; };
		110F9D942237A6310020BABC /* ViewController.swift */ = {isa = PBXFileReference; lastKnownFileType = sourcecode.swift; path = ViewController.swift; sourceTree = "<group>"; };
		110F9D972237A6310020BABC /* Base */ = {isa = PBXFileReference; lastKnownFileType = file.storyboard; name = Base; path = Base.lproj/Main.storyboard; sourceTree = "<group>"; };
		110F9D9C2237A6320020BABC /* Assets.xcassets */ = {isa = PBXFileReference; lastKnownFileType = folder.assetcatalog; path = Assets.xcassets; sourceTree = "<group>"; };
		110F9DA12237A6320020BABC /* Info.plist */ = {isa = PBXFileReference; lastKnownFileType = text.plist.xml; path = Info.plist; sourceTree = "<group>"; };
		110F9DA72237A6A50020BABC /* BroadcastViewController.swift */ = {isa = PBXFileReference; lastKnownFileType = sourcecode.swift; path = BroadcastViewController.swift; sourceTree = "<group>"; };
		110F9DAB2237A74E0020BABC /* ParentCategoriesTableViewController.swift */ = {isa = PBXFileReference; lastKnownFileType = sourcecode.swift; path = ParentCategoriesTableViewController.swift; sourceTree = "<group>"; };
		110F9DAD2237A7610020BABC /* HighlightsViewController.swift */ = {isa = PBXFileReference; lastKnownFileType = sourcecode.swift; path = HighlightsViewController.swift; sourceTree = "<group>"; };
		153E4DD2223BB451005255B5 /* CategoriesNamesDownloadService.swift */ = {isa = PBXFileReference; fileEncoding = 4; lastKnownFileType = sourcecode.swift; path = CategoriesNamesDownloadService.swift; sourceTree = "<group>"; };
		153E4DD6223BC143005255B5 /* ProgrammeScreen.storyboard */ = {isa = PBXFileReference; lastKnownFileType = file.storyboard; path = ProgrammeScreen.storyboard; sourceTree = "<group>"; };
		153E4DD9223BD928005255B5 /* BestScreen.storyboard */ = {isa = PBXFileReference; lastKnownFileType = file.storyboard; path = BestScreen.storyboard; sourceTree = "<group>"; };
		153E4DDB223BDB7A005255B5 /* WebTVScreen.storyboard */ = {isa = PBXFileReference; lastKnownFileType = file.storyboard; path = WebTVScreen.storyboard; sourceTree = "<group>"; };
		153E4DDD223BDBCC005255B5 /* HomeScreen.storyboard */ = {isa = PBXFileReference; lastKnownFileType = file.storyboard; path = HomeScreen.storyboard; sourceTree = "<group>"; };
		154B7F52223ADAE40020A4E4 /* UITableViewCell+Extension.swift */ = {isa = PBXFileReference; lastKnownFileType = sourcecode.swift; path = "UITableViewCell+Extension.swift"; sourceTree = "<group>"; };
		154B7F54223ADCA90020A4E4 /* NetworkEndpoints.swift */ = {isa = PBXFileReference; lastKnownFileType = sourcecode.swift; path = NetworkEndpoints.swift; sourceTree = "<group>"; };
		15B0816B223A4F6A00826057 /* CategoriesDataModel.swift */ = {isa = PBXFileReference; lastKnownFileType = sourcecode.swift; path = CategoriesDataModel.swift; sourceTree = "<group>"; };
		15B0816D223A6C5900826057 /* CategoryDataViewController.swift */ = {isa = PBXFileReference; lastKnownFileType = sourcecode.swift; path = CategoryDataViewController.swift; sourceTree = "<group>"; };
		15B08171223A90A200826057 /* CategoryDataTableViewCell.swift */ = {isa = PBXFileReference; lastKnownFileType = sourcecode.swift; path = CategoryDataTableViewCell.swift; sourceTree = "<group>"; };
		15CF8F722237E03D008424E9 /* ParentCategoriesModel.swift */ = {isa = PBXFileReference; lastKnownFileType = sourcecode.swift; path = ParentCategoriesModel.swift; sourceTree = "<group>"; };
		15D626E922411BD100449F8B /* CategorySeriesTableViewController.swift */ = {isa = PBXFileReference; lastKnownFileType = sourcecode.swift; path = CategorySeriesTableViewController.swift; sourceTree = "<group>"; };
		15D626EB22411C1E00449F8B /* SeriesInfoTableViewCell.swift */ = {isa = PBXFileReference; lastKnownFileType = sourcecode.swift; path = SeriesInfoTableViewCell.swift; sourceTree = "<group>"; };
		15D626ED22411C2C00449F8B /* EpisodeInfoTableViewCell.swift */ = {isa = PBXFileReference; lastKnownFileType = sourcecode.swift; path = EpisodeInfoTableViewCell.swift; sourceTree = "<group>"; };
		15D626EF224125B200449F8B /* SeriesInfoModel.swift */ = {isa = PBXFileReference; lastKnownFileType = sourcecode.swift; path = SeriesInfoModel.swift; sourceTree = "<group>"; };
		15D626F2224142B900449F8B /* Categories.storyboard */ = {isa = PBXFileReference; fileEncoding = 4; lastKnownFileType = file.storyboard; path = Categories.storyboard; sourceTree = "<group>"; };
		15E0FD152238F851005A41DD /* ParentCategoryNameTableViewCell.swift */ = {isa = PBXFileReference; lastKnownFileType = sourcecode.swift; path = ParentCategoryNameTableViewCell.swift; sourceTree = "<group>"; };
		15F1580A223FD39C005047CD /* SubCategoryTableViewCell.swift */ = {isa = PBXFileReference; lastKnownFileType = sourcecode.swift; path = SubCategoryTableViewCell.swift; sourceTree = "<group>"; };
		15F1580C223FD4C9005047CD /* SubCategoriesModel.swift */ = {isa = PBXFileReference; lastKnownFileType = sourcecode.swift; path = SubCategoriesModel.swift; sourceTree = "<group>"; };
		15F1580E223FDA6B005047CD /* SubCategoriesTableViewController.swift */ = {isa = PBXFileReference; lastKnownFileType = sourcecode.swift; path = SubCategoriesTableViewController.swift; sourceTree = "<group>"; };
		2831A2EA4C6801B61AA13941 /* Pods-TV7 Nebesa.release.xcconfig */ = {isa = PBXFileReference; includeInIndex = 1; lastKnownFileType = text.xcconfig; name = "Pods-TV7 Nebesa.release.xcconfig"; path = "Pods/Target Support Files/Pods-TV7 Nebesa/Pods-TV7 Nebesa.release.xcconfig"; sourceTree = "<group>"; };
		5F0D2B7D97C477EAA3C15E9D /* Pods_TV7_Nebesa.framework */ = {isa = PBXFileReference; explicitFileType = wrapper.framework; includeInIndex = 0; path = Pods_TV7_Nebesa.framework; sourceTree = BUILT_PRODUCTS_DIR; };
		80A01670E8FE1B6304A067FA /* Pods-TV7 Nebesa.debug.xcconfig */ = {isa = PBXFileReference; includeInIndex = 1; lastKnownFileType = text.xcconfig; name = "Pods-TV7 Nebesa.debug.xcconfig"; path = "Pods/Target Support Files/Pods-TV7 Nebesa/Pods-TV7 Nebesa.debug.xcconfig"; sourceTree = "<group>"; };
/* End PBXFileReference section */

/* Begin PBXFrameworksBuildPhase section */
		110F9D8C2237A6310020BABC /* Frameworks */ = {
			isa = PBXFrameworksBuildPhase;
			buildActionMask = 2147483647;
			files = (
				C0B38F8033B235E335AED466 /* Pods_TV7_Nebesa.framework in Frameworks */,
			);
			runOnlyForDeploymentPostprocessing = 0;
		};
/* End PBXFrameworksBuildPhase section */

/* Begin PBXGroup section */
		110F9D862237A6310020BABC = {
			isa = PBXGroup;
			children = (
				110F9D912237A6310020BABC /* TV7 Nebesa */,
				110F9D902237A6310020BABC /* Products */,
				AAB4D6D1CE75287D87B6A59F /* Pods */,
				C2D284382BEE089B1F64ECE8 /* Frameworks */,
			);
			sourceTree = "<group>";
		};
		110F9D902237A6310020BABC /* Products */ = {
			isa = PBXGroup;
			children = (
				110F9D8F2237A6310020BABC /* TV7 Nebesa.app */,
			);
			name = Products;
			sourceTree = "<group>";
		};
		110F9D912237A6310020BABC /* TV7 Nebesa */ = {
			isa = PBXGroup;
			children = (
				110F9D922237A6310020BABC /* AppDelegate.swift */,
				15CF8F6F2237BD24008424E9 /* Storyboards */,
				15CF8F6E2237BD0B008424E9 /* Controllers */,
				153E4DD1223BA83D005255B5 /* TableViewCells */,
				15CF8F6D2237BCE8008424E9 /* Network */,
				15CF8F6C2237BCDD008424E9 /* Models */,
				154B7F56223AE41F0020A4E4 /* PlayerViews */,
				154B7F51223ADAAC0020A4E4 /* Extensions */,
				110F9D9C2237A6320020BABC /* Assets.xcassets */,
				110F9DA12237A6320020BABC /* Info.plist */,
			);
			path = "TV7 Nebesa";
			sourceTree = "<group>";
		};
		153E4DD1223BA83D005255B5 /* TableViewCells */ = {
			isa = PBXGroup;
			children = (
				15E0FD152238F851005A41DD /* ParentCategoryNameTableViewCell.swift */,
				15F1580A223FD39C005047CD /* SubCategoryTableViewCell.swift */,
				15B08171223A90A200826057 /* CategoryDataTableViewCell.swift */,
				15D626EB22411C1E00449F8B /* SeriesInfoTableViewCell.swift */,
				15D626ED22411C2C00449F8B /* EpisodeInfoTableViewCell.swift */,
				FAFDE7FD223FC67500006FEE /* TVGuideCell */,
			);
			path = TableViewCells;
			sourceTree = "<group>";
		};
		154B7F51223ADAAC0020A4E4 /* Extensions */ = {
			isa = PBXGroup;
			children = (
				154B7F52223ADAE40020A4E4 /* UITableViewCell+Extension.swift */,
			);
			path = Extensions;
			sourceTree = "<group>";
		};
		154B7F56223AE41F0020A4E4 /* PlayerViews */ = {
			isa = PBXGroup;
			children = (
			);
			path = PlayerViews;
			sourceTree = "<group>";
		};
		15CF8F6C2237BCDD008424E9 /* Models */ = {
			isa = PBXGroup;
			children = (
				15CF8F722237E03D008424E9 /* ParentCategoriesModel.swift */,
				15F1580C223FD4C9005047CD /* SubCategoriesModel.swift */,
				15B0816B223A4F6A00826057 /* CategoriesDataModel.swift */,
				15D626EF224125B200449F8B /* SeriesInfoModel.swift */,
				FAFDE802223FCAA100006FEE /* TVGuideModel.swift */,
			);
			path = Models;
			sourceTree = "<group>";
		};
		15CF8F6D2237BCE8008424E9 /* Network */ = {
			isa = PBXGroup;
			children = (
				153E4DD2223BB451005255B5 /* CategoriesNamesDownloadService.swift */,
				154B7F54223ADCA90020A4E4 /* NetworkEndpoints.swift */,
			);
			path = Network;
			sourceTree = "<group>";
		};
		15CF8F6E2237BD0B008424E9 /* Controllers */ = {
			isa = PBXGroup;
			children = (
				110F9D942237A6310020BABC /* ViewController.swift */,
				110F9DA72237A6A50020BABC /* BroadcastViewController.swift */,
				110F9DAD2237A7610020BABC /* HighlightsViewController.swift */,
				110F9DAB2237A74E0020BABC /* ParentCategoriesTableViewController.swift */,
				15F1580E223FDA6B005047CD /* SubCategoriesTableViewController.swift */,
				15B0816D223A6C5900826057 /* CategoryDataViewController.swift */,
				15D626E922411BD100449F8B /* CategorySeriesTableViewController.swift */,
			);
			path = Controllers;
			sourceTree = "<group>";
		};
		15CF8F6F2237BD24008424E9 /* Storyboards */ = {
			isa = PBXGroup;
			children = (
				15D626F2224142B900449F8B /* Categories.storyboard */,
				110F9D962237A6310020BABC /* Main.storyboard */,
				153E4DDD223BDBCC005255B5 /* HomeScreen.storyboard */,
				153E4DDB223BDB7A005255B5 /* WebTVScreen.storyboard */,
				153E4DD9223BD928005255B5 /* BestScreen.storyboard */,
				153E4DD6223BC143005255B5 /* ProgrammeScreen.storyboard */,
			);
			path = Storyboards;
			sourceTree = "<group>";
		};
		AAB4D6D1CE75287D87B6A59F /* Pods */ = {
			isa = PBXGroup;
			children = (
				80A01670E8FE1B6304A067FA /* Pods-TV7 Nebesa.debug.xcconfig */,
				2831A2EA4C6801B61AA13941 /* Pods-TV7 Nebesa.release.xcconfig */,
			);
			name = Pods;
			sourceTree = "<group>";
		};
		C2D284382BEE089B1F64ECE8 /* Frameworks */ = {
			isa = PBXGroup;
			children = (
				5F0D2B7D97C477EAA3C15E9D /* Pods_TV7_Nebesa.framework */,
			);
			name = Frameworks;
			sourceTree = "<group>";
		};
/* End PBXGroup section */

/* Begin PBXNativeTarget section */
		110F9D8E2237A6310020BABC /* TV7 Nebesa */ = {
			isa = PBXNativeTarget;
			buildConfigurationList = 110F9DA42237A6320020BABC /* Build configuration list for PBXNativeTarget "TV7 Nebesa" */;
			buildPhases = (
				011453B6F79FE31A2DCB0CF5 /* [CP] Check Pods Manifest.lock */,
				110F9D8B2237A6310020BABC /* Sources */,
				110F9D8C2237A6310020BABC /* Frameworks */,
				110F9D8D2237A6310020BABC /* Resources */,
				37E08AADAF115BE025A663A1 /* [CP] Embed Pods Frameworks */,
			);
			buildRules = (
			);
			dependencies = (
			);
			name = "TV7 Nebesa";
			productName = "TV7 Nebesa";
			productReference = 110F9D8F2237A6310020BABC /* TV7 Nebesa.app */;
			productType = "com.apple.product-type.application";
		};
/* End PBXNativeTarget section */

/* Begin PBXProject section */
		110F9D872237A6310020BABC /* Project object */ = {
			isa = PBXProject;
			attributes = {
				LastSwiftUpdateCheck = 1010;
				LastUpgradeCheck = 1010;
				ORGANIZATIONNAME = "Богдан Воробйовський";
				TargetAttributes = {
					110F9D8E2237A6310020BABC = {
						CreatedOnToolsVersion = 10.1;
					};
				};
			};
			buildConfigurationList = 110F9D8A2237A6310020BABC /* Build configuration list for PBXProject "TV7 Nebesa" */;
			compatibilityVersion = "Xcode 9.3";
			developmentRegion = en;
			hasScannedForEncodings = 0;
			knownRegions = (
				en,
				Base,
			);
			mainGroup = 110F9D862237A6310020BABC;
			productRefGroup = 110F9D902237A6310020BABC /* Products */;
			projectDirPath = "";
			projectRoot = "";
			targets = (
				110F9D8E2237A6310020BABC /* TV7 Nebesa */,
			);
		};
/* End PBXProject section */

/* Begin PBXResourcesBuildPhase section */
		110F9D8D2237A6310020BABC /* Resources */ = {
			isa = PBXResourcesBuildPhase;
			buildActionMask = 2147483647;
			files = (
				153E4DDE223BDBCC005255B5 /* HomeScreen.storyboard in Resources */,
				153E4DDA223BD928005255B5 /* BestScreen.storyboard in Resources */,
				110F9D9D2237A6320020BABC /* Assets.xcassets in Resources */,
				153E4DD7223BC143005255B5 /* ProgrammeScreen.storyboard in Resources */,
				15D626F3224142B900449F8B /* Categories.storyboard in Resources */,
				110F9D982237A6310020BABC /* Main.storyboard in Resources */,
				153E4DDC223BDB7A005255B5 /* WebTVScreen.storyboard in Resources */,
			);
			runOnlyForDeploymentPostprocessing = 0;
		};
/* End PBXResourcesBuildPhase section */

/* Begin PBXShellScriptBuildPhase section */
		011453B6F79FE31A2DCB0CF5 /* [CP] Check Pods Manifest.lock */ = {
			isa = PBXShellScriptBuildPhase;
			buildActionMask = 2147483647;
			files = (
			);
			inputFileListPaths = (
			);
			inputPaths = (
				"${PODS_PODFILE_DIR_PATH}/Podfile.lock",
				"${PODS_ROOT}/Manifest.lock",
			);
			name = "[CP] Check Pods Manifest.lock";
			outputFileListPaths = (
			);
			outputPaths = (
				"$(DERIVED_FILE_DIR)/Pods-TV7 Nebesa-checkManifestLockResult.txt",
			);
			runOnlyForDeploymentPostprocessing = 0;
			shellPath = /bin/sh;
			shellScript = "diff \"${PODS_PODFILE_DIR_PATH}/Podfile.lock\" \"${PODS_ROOT}/Manifest.lock\" > /dev/null\nif [ $? != 0 ] ; then\n    # print error to STDERR\n    echo \"error: The sandbox is not in sync with the Podfile.lock. Run 'pod install' or update your CocoaPods installation.\" >&2\n    exit 1\nfi\n# This output is used by Xcode 'outputs' to avoid re-running this script phase.\necho \"SUCCESS\" > \"${SCRIPT_OUTPUT_FILE_0}\"\n";
			showEnvVarsInLog = 0;
		};
		37E08AADAF115BE025A663A1 /* [CP] Embed Pods Frameworks */ = {
			isa = PBXShellScriptBuildPhase;
			buildActionMask = 2147483647;
			files = (
			);
			inputFileListPaths = (
			);
			inputPaths = (
				"${SRCROOT}/Pods/Target Support Files/Pods-TV7 Nebesa/Pods-TV7 Nebesa-frameworks.sh",
				"${BUILT_PRODUCTS_DIR}/Kingfisher/Kingfisher.framework",
			);
			name = "[CP] Embed Pods Frameworks";
			outputFileListPaths = (
			);
			outputPaths = (
				"${TARGET_BUILD_DIR}/${FRAMEWORKS_FOLDER_PATH}/Kingfisher.framework",
			);
			runOnlyForDeploymentPostprocessing = 0;
			shellPath = /bin/sh;
			shellScript = "\"${SRCROOT}/Pods/Target Support Files/Pods-TV7 Nebesa/Pods-TV7 Nebesa-frameworks.sh\"\n";
			showEnvVarsInLog = 0;
		};
/* End PBXShellScriptBuildPhase section */

/* Begin PBXSourcesBuildPhase section */
		110F9D8B2237A6310020BABC /* Sources */ = {
			isa = PBXSourcesBuildPhase;
			buildActionMask = 2147483647;
			files = (
				15B0816E223A6C5900826057 /* CategoryDataViewController.swift in Sources */,
				15B08172223A90A200826057 /* CategoryDataTableViewCell.swift in Sources */,
				15D626EA22411BD100449F8B /* CategorySeriesTableViewController.swift in Sources */,
				15F1580D223FD4C9005047CD /* SubCategoriesModel.swift in Sources */,
				15D626F0224125B200449F8B /* SeriesInfoModel.swift in Sources */,
				15B0816C223A4F6A00826057 /* CategoriesDataModel.swift in Sources */,
				110F9DA82237A6A50020BABC /* BroadcastViewController.swift in Sources */,
				15D626EC22411C1E00449F8B /* SeriesInfoTableViewCell.swift in Sources */,
				110F9D952237A6310020BABC /* ViewController.swift in Sources */,
				15E0FD162238F851005A41DD /* ParentCategoryNameTableViewCell.swift in Sources */,
				15F1580B223FD39C005047CD /* SubCategoryTableViewCell.swift in Sources */,
				15F1580F223FDA6B005047CD /* SubCategoriesTableViewController.swift in Sources */,
				154B7F55223ADCA90020A4E4 /* NetworkEndpoints.swift in Sources */,
				15D626EE22411C2C00449F8B /* EpisodeInfoTableViewCell.swift in Sources */,
				153E4DD3223BB451005255B5 /* CategoriesNamesDownloadService.swift in Sources */,
				110F9DAE2237A7610020BABC /* HighlightsViewController.swift in Sources */,
				110F9D932237A6310020BABC /* AppDelegate.swift in Sources */,
				154B7F53223ADAE40020A4E4 /* UITableViewCell+Extension.swift in Sources */,
				15CF8F732237E03D008424E9 /* ParentCategoriesModel.swift in Sources */,
				110F9DAC2237A74E0020BABC /* ParentCategoriesTableViewController.swift in Sources */,
			);
			runOnlyForDeploymentPostprocessing = 0;
		};
/* End PBXSourcesBuildPhase section */

/* Begin PBXVariantGroup section */
		110F9D962237A6310020BABC /* Main.storyboard */ = {
			isa = PBXVariantGroup;
			children = (
				110F9D972237A6310020BABC /* Base */,
			);
			name = Main.storyboard;
			sourceTree = "<group>";
		};
/* End PBXVariantGroup section */

/* Begin XCBuildConfiguration section */
		110F9DA22237A6320020BABC /* Debug */ = {
			isa = XCBuildConfiguration;
			buildSettings = {
				ALWAYS_SEARCH_USER_PATHS = NO;
				CLANG_ANALYZER_NONNULL = YES;
				CLANG_ANALYZER_NUMBER_OBJECT_CONVERSION = YES_AGGRESSIVE;
				CLANG_CXX_LANGUAGE_STANDARD = "gnu++14";
				CLANG_CXX_LIBRARY = "libc++";
				CLANG_ENABLE_MODULES = YES;
				CLANG_ENABLE_OBJC_ARC = YES;
				CLANG_ENABLE_OBJC_WEAK = YES;
				CLANG_WARN_BLOCK_CAPTURE_AUTORELEASING = YES;
				CLANG_WARN_BOOL_CONVERSION = YES;
				CLANG_WARN_COMMA = YES;
				CLANG_WARN_CONSTANT_CONVERSION = YES;
				CLANG_WARN_DEPRECATED_OBJC_IMPLEMENTATIONS = YES;
				CLANG_WARN_DIRECT_OBJC_ISA_USAGE = YES_ERROR;
				CLANG_WARN_DOCUMENTATION_COMMENTS = YES;
				CLANG_WARN_EMPTY_BODY = YES;
				CLANG_WARN_ENUM_CONVERSION = YES;
				CLANG_WARN_INFINITE_RECURSION = YES;
				CLANG_WARN_INT_CONVERSION = YES;
				CLANG_WARN_NON_LITERAL_NULL_CONVERSION = YES;
				CLANG_WARN_OBJC_IMPLICIT_RETAIN_SELF = YES;
				CLANG_WARN_OBJC_LITERAL_CONVERSION = YES;
				CLANG_WARN_OBJC_ROOT_CLASS = YES_ERROR;
				CLANG_WARN_RANGE_LOOP_ANALYSIS = YES;
				CLANG_WARN_STRICT_PROTOTYPES = YES;
				CLANG_WARN_SUSPICIOUS_MOVE = YES;
				CLANG_WARN_UNGUARDED_AVAILABILITY = YES_AGGRESSIVE;
				CLANG_WARN_UNREACHABLE_CODE = YES;
				CLANG_WARN__DUPLICATE_METHOD_MATCH = YES;
				CODE_SIGN_IDENTITY = "iPhone Developer";
				COPY_PHASE_STRIP = NO;
				DEBUG_INFORMATION_FORMAT = dwarf;
				ENABLE_STRICT_OBJC_MSGSEND = YES;
				ENABLE_TESTABILITY = YES;
				GCC_C_LANGUAGE_STANDARD = gnu11;
				GCC_DYNAMIC_NO_PIC = NO;
				GCC_NO_COMMON_BLOCKS = YES;
				GCC_OPTIMIZATION_LEVEL = 0;
				GCC_PREPROCESSOR_DEFINITIONS = (
					"DEBUG=1",
					"$(inherited)",
				);
				GCC_WARN_64_TO_32_BIT_CONVERSION = YES;
				GCC_WARN_ABOUT_RETURN_TYPE = YES_ERROR;
				GCC_WARN_UNDECLARED_SELECTOR = YES;
				GCC_WARN_UNINITIALIZED_AUTOS = YES_AGGRESSIVE;
				GCC_WARN_UNUSED_FUNCTION = YES;
				GCC_WARN_UNUSED_VARIABLE = YES;
				IPHONEOS_DEPLOYMENT_TARGET = 12.1;
				MTL_ENABLE_DEBUG_INFO = INCLUDE_SOURCE;
				MTL_FAST_MATH = YES;
				ONLY_ACTIVE_ARCH = YES;
				SDKROOT = iphoneos;
				SWIFT_ACTIVE_COMPILATION_CONDITIONS = DEBUG;
				SWIFT_OPTIMIZATION_LEVEL = "-Onone";
			};
			name = Debug;
		};
		110F9DA32237A6320020BABC /* Release */ = {
			isa = XCBuildConfiguration;
			buildSettings = {
				ALWAYS_SEARCH_USER_PATHS = NO;
				CLANG_ANALYZER_NONNULL = YES;
				CLANG_ANALYZER_NUMBER_OBJECT_CONVERSION = YES_AGGRESSIVE;
				CLANG_CXX_LANGUAGE_STANDARD = "gnu++14";
				CLANG_CXX_LIBRARY = "libc++";
				CLANG_ENABLE_MODULES = YES;
				CLANG_ENABLE_OBJC_ARC = YES;
				CLANG_ENABLE_OBJC_WEAK = YES;
				CLANG_WARN_BLOCK_CAPTURE_AUTORELEASING = YES;
				CLANG_WARN_BOOL_CONVERSION = YES;
				CLANG_WARN_COMMA = YES;
				CLANG_WARN_CONSTANT_CONVERSION = YES;
				CLANG_WARN_DEPRECATED_OBJC_IMPLEMENTATIONS = YES;
				CLANG_WARN_DIRECT_OBJC_ISA_USAGE = YES_ERROR;
				CLANG_WARN_DOCUMENTATION_COMMENTS = YES;
				CLANG_WARN_EMPTY_BODY = YES;
				CLANG_WARN_ENUM_CONVERSION = YES;
				CLANG_WARN_INFINITE_RECURSION = YES;
				CLANG_WARN_INT_CONVERSION = YES;
				CLANG_WARN_NON_LITERAL_NULL_CONVERSION = YES;
				CLANG_WARN_OBJC_IMPLICIT_RETAIN_SELF = YES;
				CLANG_WARN_OBJC_LITERAL_CONVERSION = YES;
				CLANG_WARN_OBJC_ROOT_CLASS = YES_ERROR;
				CLANG_WARN_RANGE_LOOP_ANALYSIS = YES;
				CLANG_WARN_STRICT_PROTOTYPES = YES;
				CLANG_WARN_SUSPICIOUS_MOVE = YES;
				CLANG_WARN_UNGUARDED_AVAILABILITY = YES_AGGRESSIVE;
				CLANG_WARN_UNREACHABLE_CODE = YES;
				CLANG_WARN__DUPLICATE_METHOD_MATCH = YES;
				CODE_SIGN_IDENTITY = "iPhone Developer";
				COPY_PHASE_STRIP = NO;
				DEBUG_INFORMATION_FORMAT = "dwarf-with-dsym";
				ENABLE_NS_ASSERTIONS = NO;
				ENABLE_STRICT_OBJC_MSGSEND = YES;
				GCC_C_LANGUAGE_STANDARD = gnu11;
				GCC_NO_COMMON_BLOCKS = YES;
				GCC_WARN_64_TO_32_BIT_CONVERSION = YES;
				GCC_WARN_ABOUT_RETURN_TYPE = YES_ERROR;
				GCC_WARN_UNDECLARED_SELECTOR = YES;
				GCC_WARN_UNINITIALIZED_AUTOS = YES_AGGRESSIVE;
				GCC_WARN_UNUSED_FUNCTION = YES;
				GCC_WARN_UNUSED_VARIABLE = YES;
				IPHONEOS_DEPLOYMENT_TARGET = 12.1;
				MTL_ENABLE_DEBUG_INFO = NO;
				MTL_FAST_MATH = YES;
				SDKROOT = iphoneos;
				SWIFT_COMPILATION_MODE = wholemodule;
				SWIFT_OPTIMIZATION_LEVEL = "-O";
				VALIDATE_PRODUCT = YES;
			};
			name = Release;
		};
		110F9DA52237A6320020BABC /* Debug */ = {
			isa = XCBuildConfiguration;
			baseConfigurationReference = 80A01670E8FE1B6304A067FA /* Pods-TV7 Nebesa.debug.xcconfig */;
			buildSettings = {
				ASSETCATALOG_COMPILER_APPICON_NAME = AppIcon;
				CODE_SIGN_IDENTITY = "iPhone Developer";
				CODE_SIGN_STYLE = Automatic;
				DEVELOPMENT_TEAM = 6FWZ3698Y8;
				INFOPLIST_FILE = "TV7 Nebesa/Info.plist";
				LD_RUNPATH_SEARCH_PATHS = (
					"$(inherited)",
					"@executable_path/Frameworks",
				);
				PRODUCT_BUNDLE_IDENTIFIER = "com.vorobiovskyi.TV7-Nebesa";
				PRODUCT_NAME = "$(TARGET_NAME)";
				PROVISIONING_PROFILE_SPECIFIER = "";
				SWIFT_VERSION = 4.2;
				TARGETED_DEVICE_FAMILY = "1,2";
			};
			name = Debug;
		};
		110F9DA62237A6320020BABC /* Release */ = {
			isa = XCBuildConfiguration;
			baseConfigurationReference = 2831A2EA4C6801B61AA13941 /* Pods-TV7 Nebesa.release.xcconfig */;
			buildSettings = {
				ASSETCATALOG_COMPILER_APPICON_NAME = AppIcon;
				CODE_SIGN_IDENTITY = "iPhone Developer";
				CODE_SIGN_STYLE = Automatic;
				DEVELOPMENT_TEAM = 6FWZ3698Y8;
				INFOPLIST_FILE = "TV7 Nebesa/Info.plist";
				LD_RUNPATH_SEARCH_PATHS = (
					"$(inherited)",
					"@executable_path/Frameworks",
				);
				PRODUCT_BUNDLE_IDENTIFIER = "com.vorobiovskyi.TV7-Nebesa";
				PRODUCT_NAME = "$(TARGET_NAME)";
				PROVISIONING_PROFILE_SPECIFIER = "";
				SWIFT_VERSION = 4.2;
				TARGETED_DEVICE_FAMILY = "1,2";
			};
			name = Release;
		};
/* End XCBuildConfiguration section */

/* Begin XCConfigurationList section */
		110F9D8A2237A6310020BABC /* Build configuration list for PBXProject "TV7 Nebesa" */ = {
			isa = XCConfigurationList;
			buildConfigurations = (
				110F9DA22237A6320020BABC /* Debug */,
				110F9DA32237A6320020BABC /* Release */,
			);
			defaultConfigurationIsVisible = 0;
			defaultConfigurationName = Release;
		};
		110F9DA42237A6320020BABC /* Build configuration list for PBXNativeTarget "TV7 Nebesa" */ = {
			isa = XCConfigurationList;
			buildConfigurations = (
				110F9DA52237A6320020BABC /* Debug */,
				110F9DA62237A6320020BABC /* Release */,
			);
			defaultConfigurationIsVisible = 0;
			defaultConfigurationName = Release;
		};
/* End XCConfigurationList section */
	};
	rootObject = 110F9D872237A6310020BABC /* Project object */;
}
