PODS:
  - google-cast-sdk (4.4.2):
    - google-cast-sdk/Core (= 4.4.2)
    - Protobuf (~> 3.0)
  - google-cast-sdk/Core (4.4.2):
    - Protobuf (~> 3.0)
  - Kingfisher (5.6.0)
  - Protobuf (3.8.0)
  - SVProgressHUD (2.2.5)

DEPENDENCIES:
  - google-cast-sdk
  - Kingfisher
  - SVProgressHUD

SPEC REPOS:
  https://github.com/cocoapods/specs.git:
    - google-cast-sdk
    - Kingfisher
    - Protobuf
    - SVProgressHUD

SPEC CHECKSUMS:
  google-cast-sdk: ac9ea41d61026406869bf696b2e7f87971a4cf1f
  Kingfisher: 1a50df6880a60bae26f3e21a0df3d17b892f5e0b
  Protobuf: 3f617b9a6e73605565086864c9bc26b2bf2dd5a3
  SVProgressHUD: 1428aafac632c1f86f62aa4243ec12008d7a51d6

PODFILE CHECKSUM: 42ec6e3cc38c369712743299669b3c83e83aa4fb

COCOAPODS: 1.6.2
